<?xml version="1.0" encoding="utf-8"?>
<Project ToolsVersion="4.0" xmlns="http://schemas.microsoft.com/developer/msbuild/2003">
  <ItemGroup>
    <ClCompile Include="include\Imgui\imgui.cpp">
      <Filter>ImGui</Filter>
    </ClCompile>
    <ClCompile Include="include\Imgui\imgui_demo.cpp">
      <Filter>ImGui</Filter>
    </ClCompile>
    <ClCompile Include="include\Imgui\imgui_impl_opengl3.cpp">
      <Filter>ImGui</Filter>
    </ClCompile>
    <ClCompile Include="include\Imgui\imgui_impl_sdl.cpp">
      <Filter>ImGui</Filter>
    </ClCompile>
    <ClCompile Include="include\Imgui\imgui_widgets.cpp">
      <Filter>ImGui</Filter>
    </ClCompile>
    <ClCompile Include="include\ImGui\imgui_draw.cpp">
      <Filter>ImGui</Filter>
    </ClCompile>
    <ClCompile Include="include\ImGui\imgui_tables.cpp">
      <Filter>ImGui</Filter>
    </ClCompile>
    <ClCompile Include="src\main.cpp" />
    <ClCompile Include="src\components\bitcrusher.cpp">
      <Filter>components</Filter>
    </ClCompile>
    <ClCompile Include="src\components\compressor.cpp">
      <Filter>components</Filter>
    </ClCompile>
    <ClCompile Include="src\components\decibel.cpp">
      <Filter>components</Filter>
    </ClCompile>
    <ClCompile Include="src\components\delay.cpp">
      <Filter>components</Filter>
    </ClCompile>
    <ClCompile Include="src\components\distortion.cpp">
      <Filter>components</Filter>
    </ClCompile>
    <ClCompile Include="src\components\filter.cpp">
      <Filter>components</Filter>
    </ClCompile>
    <ClCompile Include="src\components\oscillator.cpp">
      <Filter>components</Filter>
    </ClCompile>
    <ClCompile Include="src\components\pan.cpp">
      <Filter>components</Filter>
    </ClCompile>
    <ClCompile Include="src\components\sampler.cpp">
      <Filter>components</Filter>
    </ClCompile>
    <ClCompile Include="src\components\sequencer.cpp">
      <Filter>components</Filter>
    </ClCompile>
    <ClCompile Include="src\components\speaker.cpp">
      <Filter>components</Filter>
    </ClCompile>
    <ClCompile Include="src\components\spectrum.cpp">
      <Filter>components</Filter>
    </ClCompile>
    <ClCompile Include="src\components\split.cpp">
      <Filter>components</Filter>
    </ClCompile>
    <ClCompile Include="src\components\keyboard.cpp">
      <Filter>components</Filter>
    </ClCompile>
    <ClCompile Include="src\components\oscilloscope.cpp">
      <Filter>components</Filter>
    </ClCompile>
    <ClCompile Include="src\components\flanger.cpp">
      <Filter>components</Filter>
    </ClCompile>
    <ClCompile Include="src\components\phaser.cpp">
      <Filter>components</Filter>
    </ClCompile>
    <ClCompile Include="src\components\arp.cpp">
      <Filter>components</Filter>
    </ClCompile>
    <ClCompile Include="src\components\improviser.cpp">
      <Filter>components</Filter>
    </ClCompile>
    <ClCompile Include="src\components\midi_player.cpp">
      <Filter>components</Filter>
    </ClCompile>
    <ClCompile Include="include\ImGui\implot_demo.cpp">
      <Filter>ImGui</Filter>
    </ClCompile>
    <ClCompile Include="include\ImGui\implot_items.cpp">
      <Filter>ImGui</Filter>
    </ClCompile>
    <ClCompile Include="include\ImGui\implot.cpp">
      <Filter>ImGui</Filter>
    </ClCompile>
    <ClCompile Include="src\components\vocoder.cpp">
      <Filter>components</Filter>
    </ClCompile>
    <ClCompile Include="src\components\equalizer.cpp">
      <Filter>components</Filter>
    </ClCompile>
    <ClCompile Include="src\components\vectorscope.cpp">
      <Filter>components</Filter>
    </ClCompile>
    <ClCompile Include="src\components\fm.cpp">
      <Filter>components</Filter>
    </ClCompile>
    <ClCompile Include="src\components\additive_synth.cpp">
      <Filter>components</Filter>
    </ClCompile>
    <ClCompile Include="src\components\group.cpp">
      <Filter>components</Filter>
    </ClCompile>
    <ClCompile Include="src\json\json.cpp">
      <Filter>json</Filter>
    </ClCompile>
    <ClCompile Include="src\json\json_parser.cpp">
      <Filter>json</Filter>
    </ClCompile>
    <ClCompile Include="src\json\json_writer.cpp">
      <Filter>json</Filter>
    </ClCompile>
    <ClCompile Include="src\synth\connector.cpp">
      <Filter>synth</Filter>
    </ClCompile>
    <ClCompile Include="src\synth\knob.cpp">
      <Filter>synth</Filter>
    </ClCompile>
    <ClCompile Include="src\synth\parameter.cpp">
      <Filter>synth</Filter>
    </ClCompile>
    <ClCompile Include="src\synth\synth.cpp">
      <Filter>synth</Filter>
    </ClCompile>
    <ClCompile Include="src\util\file_dialog.cpp">
      <Filter>util</Filter>
    </ClCompile>
    <ClCompile Include="src\util\util.cpp">
      <Filter>util</Filter>
    </ClCompile>
    <ClCompile Include="src\synth\midi.cpp">
      <Filter>synth</Filter>
    </ClCompile>
  </ItemGroup>
  <ItemGroup>
    <ClInclude Include="src\dsp\filter.h">
      <Filter>dsp</Filter>
    </ClInclude>
    <ClInclude Include="src\dsp\fft.h">
      <Filter>dsp</Filter>
    </ClInclude>
    <ClInclude Include="src\components\vocoder.h">
      <Filter>components</Filter>
    </ClInclude>
    <ClInclude Include="src\components\vectorscope.h">
      <Filter>components</Filter>
    </ClInclude>
    <ClInclude Include="src\components\split.h">
      <Filter>components</Filter>
    </ClInclude>
    <ClInclude Include="src\components\spectrum.h">
      <Filter>components</Filter>
    </ClInclude>
    <ClInclude Include="src\components\speaker.h">
      <Filter>components</Filter>
    </ClInclude>
    <ClInclude Include="src\components\sequencer.h">
      <Filter>components</Filter>
    </ClInclude>
    <ClInclude Include="src\components\sampler.h">
      <Filter>components</Filter>
    </ClInclude>
    <ClInclude Include="src\components\phaser.h">
      <Filter>components</Filter>
    </ClInclude>
    <ClInclude Include="src\components\pan.h">
      <Filter>components</Filter>
    </ClInclude>
    <ClInclude Include="src\components\oscilloscope.h">
      <Filter>components</Filter>
    </ClInclude>
    <ClInclude Include="src\components\oscillator.h">
      <Filter>components</Filter>
    </ClInclude>
    <ClInclude Include="src\components\midi_player.h">
      <Filter>components</Filter>
    </ClInclude>
    <ClInclude Include="src\components\keyboard.h">
      <Filter>components</Filter>
    </ClInclude>
    <ClInclude Include="src\components\improviser.h">
      <Filter>components</Filter>
    </ClInclude>
    <ClInclude Include="src\components\group.h">
      <Filter>components</Filter>
    </ClInclude>
    <ClInclude Include="src\components\fm.h">
      <Filter>components</Filter>
    </ClInclude>
    <ClInclude Include="src\components\flanger.h">
      <Filter>components</Filter>
    </ClInclude>
    <ClInclude Include="src\components\filter.h">
      <Filter>components</Filter>
    </ClInclude>
    <ClInclude Include="src\components\equalizer.h">
      <Filter>components</Filter>
    </ClInclude>
    <ClInclude Include="src\components\voice.h">
      <Filter>components</Filter>
    </ClInclude>
    <ClInclude Include="src\components\distortion.h">
      <Filter>components</Filter>
    </ClInclude>
    <ClInclude Include="src\components\delay.h">
      <Filter>components</Filter>
    </ClInclude>
    <ClInclude Include="src\components\decibel.h">
      <Filter>components</Filter>
    </ClInclude>
    <ClInclude Include="src\components\compressor.h">
      <Filter>components</Filter>
    </ClInclude>
    <ClInclude Include="src\components\bitcrusher.h">
      <Filter>components</Filter>
    </ClInclude>
    <ClInclude Include="src\components\arp.h">
      <Filter>components</Filter>
    </ClInclude>
    <ClInclude Include="src\components\additive_synth.h">
      <Filter>components</Filter>
    </ClInclude>
    <ClInclude Include="src\components\component.h">
      <Filter>components</Filter>
    </ClInclude>
    <ClInclude Include="src\components\components.h">
      <Filter>components</Filter>
    </ClInclude>
    <ClInclude Include="src\json\json.h">
      <Filter>json</Filter>
    </ClInclude>
    <ClInclude Include="src\synth\connector.h">
      <Filter>synth</Filter>
    </ClInclude>
    <ClInclude Include="src\synth\knob.h">
      <Filter>synth</Filter>
    </ClInclude>
    <ClInclude Include="src\synth\note_event.h">
      <Filter>synth</Filter>
    </ClInclude>
    <ClInclude Include="src\synth\parameter.h">
      <Filter>synth</Filter>
    </ClInclude>
    <ClInclude Include="src\synth\sample.h">
      <Filter>synth</Filter>
    </ClInclude>
    <ClInclude Include="src\synth\synth.h">
      <Filter>synth</Filter>
    </ClInclude>
    <ClInclude Include="src\util\file_dialog.h">
      <Filter>util</Filter>
    </ClInclude>
    <ClInclude Include="src\util\meta.h">
      <Filter>util</Filter>
    </ClInclude>
    <ClInclude Include="src\util\ring_buffer.h">
      <Filter>util</Filter>
    </ClInclude>
    <ClInclude Include="src\util\scope_timer.h">
      <Filter>util</Filter>
    </ClInclude>
    <ClInclude Include="src\util\util.h">
      <Filter>util</Filter>
    </ClInclude>
    <ClInclude Include="src\synth\midi.h">
      <Filter>synth</Filter>
    </ClInclude>
  </ItemGroup>
  <ItemGroup>
    <Filter Include="ImGui">
      <UniqueIdentifier>{883751f0-93d7-40d1-aad9-346efd403d0f}</UniqueIdentifier>
    </Filter>
    <Filter Include="components">
      <UniqueIdentifier>{b350d5a1-4a01-4871-aad1-db243a6e1740}</UniqueIdentifier>
    </Filter>
    <Filter Include="synth">
      <UniqueIdentifier>{cf5cfb8f-f390-468b-8c28-d0b77a338af4}</UniqueIdentifier>
    </Filter>
    <Filter Include="json">
      <UniqueIdentifier>{724ab5ce-603f-4037-94c3-b3c6484fc54c}</UniqueIdentifier>
    </Filter>
    <Filter Include="util">
      <UniqueIdentifier>{b172cac6-c46d-4e46-94d3-8db94961c5ce}</UniqueIdentifier>
    </Filter>
    <Filter Include="dsp">
      <UniqueIdentifier>{a20bf7d1-34c3-408c-90b5-2b4fe3cecdc4}</UniqueIdentifier>
    </Filter>
  </ItemGroup>
</Project>