<?xml version="1.0" encoding="utf-8"?>
<Project ToolsVersion="4.0" xmlns="http://schemas.microsoft.com/developer/msbuild/2003">
  <ItemGroup>
    <ClCompile Include="include\Imgui\imgui.cpp">
      <Filter>ImGui</Filter>
    </ClCompile>
    <ClCompile Include="include\Imgui\imgui_demo.cpp">
      <Filter>ImGui</Filter>
    </ClCompile>
    <ClCompile Include="include\Imgui\imgui_impl_opengl3.cpp">
      <Filter>ImGui</Filter>
    </ClCompile>
    <ClCompile Include="include\Imgui\imgui_impl_sdl.cpp">
      <Filter>ImGui</Filter>
    </ClCompile>
    <ClCompile Include="include\Imgui\imgui_widgets.cpp">
      <Filter>ImGui</Filter>
    </ClCompile>
    <ClCompile Include="include\ImGui\imgui_draw.cpp">
      <Filter>ImGui</Filter>
    </ClCompile>
    <ClCompile Include="include\ImGui\imgui_tables.cpp">
      <Filter>ImGui</Filter>
    </ClCompile>
    <ClCompile Include="src\json_parser.cpp">
      <Filter>json</Filter>
    </ClCompile>
    <ClCompile Include="src\json_writer.cpp">
      <Filter>json</Filter>
    </ClCompile>
    <ClCompile Include="src\connector.cpp">
      <Filter>synth</Filter>
    </ClCompile>
    <ClCompile Include="src\synth.cpp">
      <Filter>synth</Filter>
    </ClCompile>
    <ClCompile Include="src\file_dialog.cpp" />
    <ClCompile Include="src\main.cpp" />
    <ClCompile Include="src\midi.cpp" />
    <ClCompile Include="src\components\bitcrusher.cpp">
      <Filter>components</Filter>
    </ClCompile>
    <ClCompile Include="src\components\compressor.cpp">
      <Filter>components</Filter>
    </ClCompile>
    <ClCompile Include="src\components\decibel.cpp">
      <Filter>components</Filter>
    </ClCompile>
    <ClCompile Include="src\components\delay.cpp">
      <Filter>components</Filter>
    </ClCompile>
    <ClCompile Include="src\components\distortion.cpp">
      <Filter>components</Filter>
    </ClCompile>
    <ClCompile Include="src\components\filter.cpp">
      <Filter>components</Filter>
    </ClCompile>
    <ClCompile Include="src\components\oscillator.cpp">
      <Filter>components</Filter>
    </ClCompile>
    <ClCompile Include="src\components\pan.cpp">
      <Filter>components</Filter>
    </ClCompile>
    <ClCompile Include="src\components\piano_roll.cpp">
      <Filter>components</Filter>
    </ClCompile>
    <ClCompile Include="src\components\sampler.cpp">
      <Filter>components</Filter>
    </ClCompile>
    <ClCompile Include="src\components\sequencer.cpp">
      <Filter>components</Filter>
    </ClCompile>
    <ClCompile Include="src\components\speaker.cpp">
      <Filter>components</Filter>
    </ClCompile>
    <ClCompile Include="src\components\spectrum.cpp">
      <Filter>components</Filter>
    </ClCompile>
    <ClCompile Include="src\components\split.cpp">
      <Filter>components</Filter>
    </ClCompile>
    <ClCompile Include="src\json.cpp">
      <Filter>json</Filter>
    </ClCompile>
    <ClCompile Include="src\components\keyboard.cpp">
      <Filter>components</Filter>
    </ClCompile>
    <ClCompile Include="src\components\oscilloscope.cpp">
      <Filter>components</Filter>
    </ClCompile>
    <ClCompile Include="src\util.cpp">
      <Filter>util</Filter>
    </ClCompile>
    <ClCompile Include="src\components\flanger.cpp">
      <Filter>components</Filter>
    </ClCompile>
    <ClCompile Include="src\components\phaser.cpp">
      <Filter>components</Filter>
    </ClCompile>
    <ClCompile Include="src\parameter.cpp">
      <Filter>synth</Filter>
    </ClCompile>
    <ClCompile Include="src\components\arp.cpp">
      <Filter>components</Filter>
    </ClCompile>
  </ItemGroup>
  <ItemGroup>
    <ClInclude Include="src\json.h">
      <Filter>json</Filter>
    </ClInclude>
    <ClInclude Include="src\connector.h">
      <Filter>synth</Filter>
    </ClInclude>
    <ClInclude Include="src\parameter.h">
      <Filter>synth</Filter>
    </ClInclude>
    <ClInclude Include="src\sample.h">
      <Filter>synth</Filter>
    </ClInclude>
    <ClInclude Include="src\synth.h">
      <Filter>synth</Filter>
    </ClInclude>
    <ClInclude Include="src\file_dialog.h" />
    <ClInclude Include="src\midi.h" />
    <ClInclude Include="src\components.h">
      <Filter>components</Filter>
    </ClInclude>
    <ClInclude Include="src\note_event.h">
      <Filter>synth</Filter>
    </ClInclude>
    <ClInclude Include="src\util.h">
      <Filter>util</Filter>
    </ClInclude>
    <ClInclude Include="src\scope_timer.h">
      <Filter>util</Filter>
    </ClInclude>
    <ClInclude Include="src\ring_buffer.h">
      <Filter>util</Filter>
    </ClInclude>
    <ClInclude Include="src\meta.h">
      <Filter>util</Filter>
    </ClInclude>
  </ItemGroup>
  <ItemGroup>
    <Filter Include="ImGui">
      <UniqueIdentifier>{883751f0-93d7-40d1-aad9-346efd403d0f}</UniqueIdentifier>
    </Filter>
    <Filter Include="components">
      <UniqueIdentifier>{b350d5a1-4a01-4871-aad1-db243a6e1740}</UniqueIdentifier>
    </Filter>
    <Filter Include="synth">
      <UniqueIdentifier>{cf5cfb8f-f390-468b-8c28-d0b77a338af4}</UniqueIdentifier>
    </Filter>
    <Filter Include="json">
      <UniqueIdentifier>{724ab5ce-603f-4037-94c3-b3c6484fc54c}</UniqueIdentifier>
    </Filter>
    <Filter Include="util">
      <UniqueIdentifier>{b172cac6-c46d-4e46-94d3-8db94961c5ce}</UniqueIdentifier>
    </Filter>
  </ItemGroup>
</Project>