<?xml version="1.0" encoding="utf-8"?>
<Project ToolsVersion="4.0" xmlns="http://schemas.microsoft.com/developer/msbuild/2003">
  <ItemGroup>
    <ClCompile Include="main.cpp" />
    <ClCompile Include="midi.cpp" />
    <ClCompile Include="include\Imgui\imgui.cpp">
      <Filter>ImGui</Filter>
    </ClCompile>
    <ClCompile Include="include\Imgui\imgui_demo.cpp">
      <Filter>ImGui</Filter>
    </ClCompile>
    <ClCompile Include="include\Imgui\imgui_impl_opengl3.cpp">
      <Filter>ImGui</Filter>
    </ClCompile>
    <ClCompile Include="include\Imgui\imgui_impl_sdl.cpp">
      <Filter>ImGui</Filter>
    </ClCompile>
    <ClCompile Include="include\Imgui\imgui_widgets.cpp">
      <Filter>ImGui</Filter>
    </ClCompile>
    <ClCompile Include="include\ImGui\imgui_draw.cpp">
      <Filter>ImGui</Filter>
    </ClCompile>
    <ClCompile Include="include\ImGui\imgui_tables.cpp">
      <Filter>ImGui</Filter>
    </ClCompile>
    <ClCompile Include="sampler_component.cpp">
      <Filter>components</Filter>
    </ClCompile>
    <ClCompile Include="sequencer_component.cpp">
      <Filter>components</Filter>
    </ClCompile>
    <ClCompile Include="filter_component.cpp">
      <Filter>components</Filter>
    </ClCompile>
    <ClCompile Include="distortion_component.cpp">
      <Filter>components</Filter>
    </ClCompile>
    <ClCompile Include="delay_component.cpp">
      <Filter>components</Filter>
    </ClCompile>
    <ClCompile Include="synth.cpp">
      <Filter>synth</Filter>
    </ClCompile>
    <ClCompile Include="connector.cpp">
      <Filter>synth</Filter>
    </ClCompile>
    <ClCompile Include="split_component.cpp">
      <Filter>components</Filter>
    </ClCompile>
    <ClCompile Include="piano_roll_component.cpp">
      <Filter>components</Filter>
    </ClCompile>
    <ClCompile Include="speaker_component.cpp">
      <Filter>components</Filter>
    </ClCompile>
    <ClCompile Include="spectrum_component.cpp">
      <Filter>components</Filter>
    </ClCompile>
    <ClCompile Include="util.cpp" />
    <ClCompile Include="oscillator_component.cpp">
      <Filter>components</Filter>
    </ClCompile>
  </ItemGroup>
  <ItemGroup>
    <ClInclude Include="midi.h" />
    <ClInclude Include="ring_buffer.h" />
    <ClInclude Include="util.h" />
    <ClInclude Include="components.h">
      <Filter>components</Filter>
    </ClInclude>
    <ClInclude Include="synth.h">
      <Filter>synth</Filter>
    </ClInclude>
    <ClInclude Include="connector.h">
      <Filter>synth</Filter>
    </ClInclude>
    <ClInclude Include="sample.h">
      <Filter>synth</Filter>
    </ClInclude>
    <ClInclude Include="parameter.h">
      <Filter>synth</Filter>
    </ClInclude>
    <ClInclude Include="scope_timer.h" />
  </ItemGroup>
  <ItemGroup>
    <Filter Include="ImGui">
      <UniqueIdentifier>{883751f0-93d7-40d1-aad9-346efd403d0f}</UniqueIdentifier>
    </Filter>
    <Filter Include="components">
      <UniqueIdentifier>{b350d5a1-4a01-4871-aad1-db243a6e1740}</UniqueIdentifier>
    </Filter>
    <Filter Include="synth">
      <UniqueIdentifier>{cf5cfb8f-f390-468b-8c28-d0b77a338af4}</UniqueIdentifier>
    </Filter>
  </ItemGroup>
</Project>